github.com/chsc/gogl v0.0.0-20131111203533-c411acc846b6 h1:GHNbGLo1VfjsT+Lf7i1beWEvSHbN/GIi7pzkWAnL2zk=
github.com/chsc/gogl v0.0.0-20131111203533-c411acc846b6/go.mod h1:82yD5XkINXAhjoaZjStP4a8vZSO3c7aAWQS3OJtBg+s=
github.com/gordonklaus/audio v0.0.0-20191014185310-93928c518f7d h1:bdalTJyNATK82YtOLe6miSXbw9Sfj9ojX+Whg/OdCGc=
github.com/gordonklaus/audio v0.0.0-20191014185310-93928c518f7d/go.mod h1:vJN4okWH8WwAbBS1X0ZIFHL4RIuzurulVEHMxgKRH0c=
github.com/gordonklaus/audiogui v0.0.0-20160501171248-dfa7a01d5304 h1:zAbW/3b8hwdpBato4snTNRkMce0CdpDv1iOIdsKKIqs=
github.com/gordonklaus/audiogui v0.0.0-20160501171248-dfa7a01d5304/go.mod h1:fIZ1hYncl8JASqZsPmgVdpfzq/KI4ou7MckPfZaRi0k=
github.com/gordonklaus/ftgl v0.0.0-20190309173327-beaa89af63d3 h1:xLsePQjFf/y0Tr8MoYI7lKI7eYURZgS2e1ZRensPToU=
github.com/gordonklaus/ftgl v0.0.0-20190309173327-beaa89af63d3/go.mod h1:/GS6lBBrLk/3w6Ax/qyVrUSRTBJGPmKjd7Zt8XXsoTY=
github.com/gordonklaus/glfw v0.0.0-20140624095144-99807b241f4d h1:HaMRPK0EyIl8CCeELHN3ClYN8QvYQ/mxPUTPHZxPXgI=
github.com/gordonklaus/glfw v0.0.0-20140624095144-99807b241f4d/go.mod h1:FySTOya+Lme7h/z1Drd30wgAnx4FKv3Rozyv9UhXw90=
github.com/gordonklaus/gui v0.0.0-20151129125450-2afda43cd7f6 h1:oAm4OruNmgoDG8lQPekqrzxrhxL+3rIfDzKiEJxZ1yg=
github.com/gordonklaus/gui v0.0.0-20151129125450-2afda43cd7f6/go.mod h1:YY9Ox0Q68N4w2fVP/j2dzVldEDwaKybytF5nT9s9w+s=
github.com/gordonklaus/portaudio v0.0.0-20180817120803-00e7307ccd93 h1:TSG+DyZBnazM22ZHyHLeUkzM34ClkJRjIWHTq4btvek=
github.com/gordonklaus/portaudio v0.0.0-20180817120803-00e7307ccd93/go.mod h1:HfYnZi/ARQKG0dwH5HNDmPCHdLiFiBf+SI7DbhW7et4=
github.com/gordonklaus/util v0.0.0-20130922201840-c07581ae88ab h1:nc4a0qjPyPCT9QeKNV4pnbY2hEkgd0EiLP5J41kqBTg=
github.com/gordonklaus/util v0.0.0-20130922201840-c07581ae88ab/go.mod h1:sGGM4fqP7fZASP16FoyOWvVIFd3c6pcYCFgzCq6PDPY=
github.com/ktye/fft v0.0.0-20160109133121-5beb24bb6a43 h1:P/FC0vnk8mHtU+PrgHwsexh/FGJUpHSNZOMp2II7XZo=
github.com/ktye/fft v0.0.0-20160109133121-5beb24bb6a43/go.mod h1:NOC+5BizuazWsAS/Ge7DXbXTrYzmmDXGqypnTaeNGcc=
github.com/oov/audio v0.0.0-20171004131523-88a2be6dbe38 h1:4Upfs5rLQdx7KwBct3bmPYAhWsDDJdx660gYb7Lv9TQ=
github.com/oov/audio v0.0.0-20171004131523-88a2be6dbe38/go.mod h1:Xj06yMta9R1RSKiHmxL0Bo2TB8wiKVnMgA0KVopHHkk=
